
Microsoft Visual Studio Solution File, Format Version 12.00
Project("{2150E333-8FDC-42A3-9474-1A3956D46DE8}") = "Modules", "Modules", "{938B4671-DAF5-4AF4-8134-B4FDFBFD7F71}"
EndProject
Project("{2150E333-8FDC-42A3-9474-1A3956D46DE8}") = "Users", "Users", "{010B6A18-81CA-4DF4-899B-26A887887E81}"
EndProject
Project("{2150E333-8FDC-42A3-9474-1A3956D46DE8}") = "Accounts", "Accounts", "{B1D1FB64-9F4A-4960-8F7E-8525F7C93DAC}"
EndProject
Project("{FAE04EC0-301F-11D3-BF4B-00C04F79EFBC}") = "Accounts.Application", "Accounts.Application\Accounts.Application.csproj", "{7CD00A61-D0E1-4682-9671-12894E02B9CB}"
EndProject
Project("{FAE04EC0-301F-11D3-BF4B-00C04F79EFBC}") = "Accounts.Infrastructure", "Accounts.Infrastructure\Accounts.Infrastructure.csproj", "{2CDF5AAA-8125-4B0A-91F1-5489CD157E1C}"
EndProject
Project("{FAE04EC0-301F-11D3-BF4B-00C04F79EFBC}") = "Accounts.Domain", "Accounts.Domain\Accounts.Domain.csproj", "{CE9FB0F5-4F71-4794-8011-02C0FAAAE355}"
EndProject
Project("{FAE04EC0-301F-11D3-BF4B-00C04F79EFBC}") = "BankApp.ApiGateway", "BankApp.ApiGateway\BankApp.ApiGateway.csproj", "{AEB7BE60-D444-4F8D-9BD0-6024703B43D8}"
EndProject
Project("{FAE04EC0-301F-11D3-BF4B-00C04F79EFBC}") = "Accounts.Api", "Accounts.Api\Accounts.Api.csproj", "{CC96F0AA-BE32-4A19-87BC-8102AC4307D5}"
EndProject
Project("{FAE04EC0-301F-11D3-BF4B-00C04F79EFBC}") = "Users.Api", "Users\Users.Api\Users.Api.csproj", "{51FC1D14-EF6D-4B22-9AE1-2A8D16461A8E}"
EndProject
Project("{FAE04EC0-301F-11D3-BF4B-00C04F79EFBC}") = "Users.Application", "Users\Users.Application\Users.Application.csproj", "{DFD87F31-FBBD-4CF1-B53A-192CB0EC0A8B}"
EndProject
Project("{FAE04EC0-301F-11D3-BF4B-00C04F79EFBC}") = "Users.Domain", "Users\Users.Domain\Users.Domain.csproj", "{D920C7DB-B9EE-4724-82D7-89E4C0C1A7E8}"
EndProject
Project("{FAE04EC0-301F-11D3-BF4B-00C04F79EFBC}") = "Users.Infrastructure", "Users\Users.Infrastructure\Users.Infrastructure.csproj", "{887C23F4-F2ED-42A2-8A0B-EBA759A12E26}"
EndProject
Global
	GlobalSection(SolutionConfigurationPlatforms) = preSolution
		Debug|Any CPU = Debug|Any CPU
		Release|Any CPU = Release|Any CPU
	EndGlobalSection
	GlobalSection(ProjectConfigurationPlatforms) = postSolution
		{7CD00A61-D0E1-4682-9671-12894E02B9CB}.Debug|Any CPU.ActiveCfg = Debug|Any CPU
		{7CD00A61-D0E1-4682-9671-12894E02B9CB}.Debug|Any CPU.Build.0 = Debug|Any CPU
		{7CD00A61-D0E1-4682-9671-12894E02B9CB}.Release|Any CPU.ActiveCfg = Release|Any CPU
		{7CD00A61-D0E1-4682-9671-12894E02B9CB}.Release|Any CPU.Build.0 = Release|Any CPU
		{2CDF5AAA-8125-4B0A-91F1-5489CD157E1C}.Debug|Any CPU.ActiveCfg = Debug|Any CPU
		{2CDF5AAA-8125-4B0A-91F1-5489CD157E1C}.Debug|Any CPU.Build.0 = Debug|Any CPU
		{2CDF5AAA-8125-4B0A-91F1-5489CD157E1C}.Release|Any CPU.ActiveCfg = Release|Any CPU
		{2CDF5AAA-8125-4B0A-91F1-5489CD157E1C}.Release|Any CPU.Build.0 = Release|Any CPU
		{CE9FB0F5-4F71-4794-8011-02C0FAAAE355}.Debug|Any CPU.ActiveCfg = Debug|Any CPU
		{CE9FB0F5-4F71-4794-8011-02C0FAAAE355}.Debug|Any CPU.Build.0 = Debug|Any CPU
		{CE9FB0F5-4F71-4794-8011-02C0FAAAE355}.Release|Any CPU.ActiveCfg = Release|Any CPU
		{CE9FB0F5-4F71-4794-8011-02C0FAAAE355}.Release|Any CPU.Build.0 = Release|Any CPU
		{AEB7BE60-D444-4F8D-9BD0-6024703B43D8}.Debug|Any CPU.ActiveCfg = Debug|Any CPU
		{AEB7BE60-D444-4F8D-9BD0-6024703B43D8}.Debug|Any CPU.Build.0 = Debug|Any CPU
		{AEB7BE60-D444-4F8D-9BD0-6024703B43D8}.Release|Any CPU.ActiveCfg = Release|Any CPU
		{AEB7BE60-D444-4F8D-9BD0-6024703B43D8}.Release|Any CPU.Build.0 = Release|Any CPU
		{CC96F0AA-BE32-4A19-87BC-8102AC4307D5}.Debug|Any CPU.ActiveCfg = Debug|Any CPU
		{CC96F0AA-BE32-4A19-87BC-8102AC4307D5}.Debug|Any CPU.Build.0 = Debug|Any CPU
		{CC96F0AA-BE32-4A19-87BC-8102AC4307D5}.Release|Any CPU.ActiveCfg = Release|Any CPU
		{CC96F0AA-BE32-4A19-87BC-8102AC4307D5}.Release|Any CPU.Build.0 = Release|Any CPU
		{51FC1D14-EF6D-4B22-9AE1-2A8D16461A8E}.Debug|Any CPU.ActiveCfg = Debug|Any CPU
		{51FC1D14-EF6D-4B22-9AE1-2A8D16461A8E}.Debug|Any CPU.Build.0 = Debug|Any CPU
		{51FC1D14-EF6D-4B22-9AE1-2A8D16461A8E}.Release|Any CPU.ActiveCfg = Release|Any CPU
		{51FC1D14-EF6D-4B22-9AE1-2A8D16461A8E}.Release|Any CPU.Build.0 = Release|Any CPU
		{DFD87F31-FBBD-4CF1-B53A-192CB0EC0A8B}.Debug|Any CPU.ActiveCfg = Debug|Any CPU
		{DFD87F31-FBBD-4CF1-B53A-192CB0EC0A8B}.Debug|Any CPU.Build.0 = Debug|Any CPU
		{DFD87F31-FBBD-4CF1-B53A-192CB0EC0A8B}.Release|Any CPU.ActiveCfg = Release|Any CPU
		{DFD87F31-FBBD-4CF1-B53A-192CB0EC0A8B}.Release|Any CPU.Build.0 = Release|Any CPU
		{D920C7DB-B9EE-4724-82D7-89E4C0C1A7E8}.Debug|Any CPU.ActiveCfg = Debug|Any CPU
		{D920C7DB-B9EE-4724-82D7-89E4C0C1A7E8}.Debug|Any CPU.Build.0 = Debug|Any CPU
		{D920C7DB-B9EE-4724-82D7-89E4C0C1A7E8}.Release|Any CPU.ActiveCfg = Release|Any CPU
		{D920C7DB-B9EE-4724-82D7-89E4C0C1A7E8}.Release|Any CPU.Build.0 = Release|Any CPU
		{887C23F4-F2ED-42A2-8A0B-EBA759A12E26}.Debug|Any CPU.ActiveCfg = Debug|Any CPU
		{887C23F4-F2ED-42A2-8A0B-EBA759A12E26}.Debug|Any CPU.Build.0 = Debug|Any CPU
		{887C23F4-F2ED-42A2-8A0B-EBA759A12E26}.Release|Any CPU.ActiveCfg = Release|Any CPU
		{887C23F4-F2ED-42A2-8A0B-EBA759A12E26}.Release|Any CPU.Build.0 = Release|Any CPU
	EndGlobalSection
	GlobalSection(NestedProjects) = preSolution
		{010B6A18-81CA-4DF4-899B-26A887887E81} = {938B4671-DAF5-4AF4-8134-B4FDFBFD7F71}
		{B1D1FB64-9F4A-4960-8F7E-8525F7C93DAC} = {938B4671-DAF5-4AF4-8134-B4FDFBFD7F71}
		{7CD00A61-D0E1-4682-9671-12894E02B9CB} = {B1D1FB64-9F4A-4960-8F7E-8525F7C93DAC}
		{2CDF5AAA-8125-4B0A-91F1-5489CD157E1C} = {B1D1FB64-9F4A-4960-8F7E-8525F7C93DAC}
		{CE9FB0F5-4F71-4794-8011-02C0FAAAE355} = {B1D1FB64-9F4A-4960-8F7E-8525F7C93DAC}
		{CC96F0AA-BE32-4A19-87BC-8102AC4307D5} = {B1D1FB64-9F4A-4960-8F7E-8525F7C93DAC}
		{51FC1D14-EF6D-4B22-9AE1-2A8D16461A8E} = {010B6A18-81CA-4DF4-899B-26A887887E81}
		{DFD87F31-FBBD-4CF1-B53A-192CB0EC0A8B} = {010B6A18-81CA-4DF4-899B-26A887887E81}
		{D920C7DB-B9EE-4724-82D7-89E4C0C1A7E8} = {010B6A18-81CA-4DF4-899B-26A887887E81}
		{887C23F4-F2ED-42A2-8A0B-EBA759A12E26} = {010B6A18-81CA-4DF4-899B-26A887887E81}
	EndGlobalSection
EndGlobal
